
Microsoft Visual Studio Solution File, Format Version 12.00
# Visual Studio Version 17
VisualStudioVersion = 17.14.36623.8 d17.14
MinimumVisualStudioVersion = 10.0.40219.1
Project("{FAE04EC0-301F-11D3-BF4B-00C04F79EFBC}") = "Simple_Online_Store", "Simple_Online_Store.csproj", "{AC6F6520-F272-4748-BABA-EDFB7CE21067}"
EndProject
Global
	GlobalSection(SolutionConfigurationPlatforms) = preSolution
		Debug|Any CPU = Debug|Any CPU
		Release|Any CPU = Release|Any CPU
	EndGlobalSection
	GlobalSection(ProjectConfigurationPlatforms) = postSolution
		{AC6F6520-F272-4748-BABA-EDFB7CE21067}.Debug|Any CPU.ActiveCfg = Debug|Any CPU
		{AC6F6520-F272-4748-BABA-EDFB7CE21067}.Debug|Any CPU.Build.0 = Debug|Any CPU
		{AC6F6520-F272-4748-BABA-EDFB7CE21067}.Release|Any CPU.ActiveCfg = Release|Any CPU
		{AC6F6520-F272-4748-BABA-EDFB7CE21067}.Release|Any CPU.Build.0 = Release|Any CPU
	EndGlobalSection
	GlobalSection(SolutionProperties) = preSolution
		HideSolutionNode = FALSE
	EndGlobalSection
	GlobalSection(ExtensibilityGlobals) = postSolution
		SolutionGuid = {080801F9-69F4-4CEB-9BBE-781E37173B86}
	EndGlobalSection
EndGlobal
